
Microsoft Visual Studio Solution File, Format Version 12.00
# Visual Studio 15
VisualStudioVersion = 15.0.28307.1913
MinimumVisualStudioVersion = 10.0.40219.1
Project("{FAE04EC0-301F-11D3-BF4B-00C04F79EFBC}") = "Online Food Ordering System", "Online Food Ordering System.csproj", "{D5F85F93-6F85-4FE3-942A-6E4727F3375A}"
EndProject
Global
	GlobalSection(SolutionConfigurationPlatforms) = preSolution
		Debug|Any CPU = Debug|Any CPU
		Release|Any CPU = Release|Any CPU
	EndGlobalSection
	GlobalSection(ProjectConfigurationPlatforms) = postSolution
		{D5F85F93-6F85-4FE3-942A-6E4727F3375A}.Debug|Any CPU.ActiveCfg = Debug|Any CPU
		{D5F85F93-6F85-4FE3-942A-6E4727F3375A}.Debug|Any CPU.Build.0 = Debug|Any CPU
		{D5F85F93-6F85-4FE3-942A-6E4727F3375A}.Release|Any CPU.ActiveCfg = Release|Any CPU
		{D5F85F93-6F85-4FE3-942A-6E4727F3375A}.Release|Any CPU.Build.0 = Release|Any CPU
	EndGlobalSection
	GlobalSection(SolutionProperties) = preSolution
		HideSolutionNode = FALSE
	EndGlobalSection
	GlobalSection(ExtensibilityGlobals) = postSolution
		SolutionGuid = {D4A62632-1C08-472D-8B5F-C0C3C311D795}
	EndGlobalSection
EndGlobal
